
Microsoft Visual Studio Solution File, Format Version 12.00
# Visual Studio Version 17
VisualStudioVersion = 17.11.35222.181
MinimumVisualStudioVersion = 10.0.40219.1
Project("{FAE04EC0-301F-11D3-BF4B-00C04F79EFBC}") = "BlazorApp1", "BlazorApp1\BlazorApp1\BlazorApp1.csproj", "{FAF3B1FB-D301-4791-AD64-1377D8D1A047}"
EndProject
Project("{FAE04EC0-301F-11D3-BF4B-00C04F79EFBC}") = "BlazorApp1.Client", "BlazorApp1\BlazorApp1.Client\BlazorApp1.Client.csproj", "{058CD129-84CF-49A4-B6D4-5D848C734D94}"
EndProject
Global
	GlobalSection(SolutionConfigurationPlatforms) = preSolution
		Debug|Any CPU = Debug|Any CPU
		Release|Any CPU = Release|Any CPU
	EndGlobalSection
	GlobalSection(ProjectConfigurationPlatforms) = postSolution
		{FAF3B1FB-D301-4791-AD64-1377D8D1A047}.Debug|Any CPU.ActiveCfg = Debug|Any CPU
		{FAF3B1FB-D301-4791-AD64-1377D8D1A047}.Debug|Any CPU.Build.0 = Debug|Any CPU
		{FAF3B1FB-D301-4791-AD64-1377D8D1A047}.Release|Any CPU.ActiveCfg = Release|Any CPU
		{FAF3B1FB-D301-4791-AD64-1377D8D1A047}.Release|Any CPU.Build.0 = Release|Any CPU
		{058CD129-84CF-49A4-B6D4-5D848C734D94}.Debug|Any CPU.ActiveCfg = Debug|Any CPU
		{058CD129-84CF-49A4-B6D4-5D848C734D94}.Debug|Any CPU.Build.0 = Debug|Any CPU
		{058CD129-84CF-49A4-B6D4-5D848C734D94}.Release|Any CPU.ActiveCfg = Release|Any CPU
		{058CD129-84CF-49A4-B6D4-5D848C734D94}.Release|Any CPU.Build.0 = Release|Any CPU
	EndGlobalSection
	GlobalSection(SolutionProperties) = preSolution
		HideSolutionNode = FALSE
	EndGlobalSection
	GlobalSection(ExtensibilityGlobals) = postSolution
		SolutionGuid = {9CCD7E7F-1EC5-4079-85CE-40AF4A818705}
	EndGlobalSection
EndGlobal
